
Microsoft Visual Studio Solution File, Format Version 12.00
# Visual Studio Version 17
VisualStudioVersion = 17.3.32929.385
MinimumVisualStudioVersion = 10.0.40219.1
Project("{FAE04EC0-301F-11D3-BF4B-00C04F79EFBC}") = "Servicios", "Servicios\Servicios.csproj", "{814A70F2-FDD1-458A-AFF8-FC59173D7773}"
EndProject
Project("{FAE04EC0-301F-11D3-BF4B-00C04F79EFBC}") = "Test", "Test\Test.csproj", "{6DC87256-090C-4FA3-AAE8-0D6249367DB8}"
EndProject
Global
	GlobalSection(SolutionConfigurationPlatforms) = preSolution
		Debug|Any CPU = Debug|Any CPU
		Release|Any CPU = Release|Any CPU
	EndGlobalSection
	GlobalSection(ProjectConfigurationPlatforms) = postSolution
		{814A70F2-FDD1-458A-AFF8-FC59173D7773}.Debug|Any CPU.ActiveCfg = Debug|Any CPU
		{814A70F2-FDD1-458A-AFF8-FC59173D7773}.Debug|Any CPU.Build.0 = Debug|Any CPU
		{814A70F2-FDD1-458A-AFF8-FC59173D7773}.Release|Any CPU.ActiveCfg = Release|Any CPU
		{814A70F2-FDD1-458A-AFF8-FC59173D7773}.Release|Any CPU.Build.0 = Release|Any CPU
		{6DC87256-090C-4FA3-AAE8-0D6249367DB8}.Debug|Any CPU.ActiveCfg = Debug|Any CPU
		{6DC87256-090C-4FA3-AAE8-0D6249367DB8}.Debug|Any CPU.Build.0 = Debug|Any CPU
		{6DC87256-090C-4FA3-AAE8-0D6249367DB8}.Release|Any CPU.ActiveCfg = Release|Any CPU
		{6DC87256-090C-4FA3-AAE8-0D6249367DB8}.Release|Any CPU.Build.0 = Release|Any CPU
	EndGlobalSection
	GlobalSection(SolutionProperties) = preSolution
		HideSolutionNode = FALSE
	EndGlobalSection
	GlobalSection(ExtensibilityGlobals) = postSolution
		SolutionGuid = {BE64A672-F80D-48B9-B794-37B68FA1EFC0}
	EndGlobalSection
EndGlobal
